
Microsoft Visual Studio Solution File, Format Version 12.00
# Visual Studio Version 17
VisualStudioVersion = 17.5.33627.172
MinimumVisualStudioVersion = 10.0.40219.1
Project("{FAE04EC0-301F-11D3-BF4B-00C04F79EFBC}") = "PeriodTracker.Api", "PeriodTracker.Api\PeriodTracker.Api.csproj", "{48BB6C2B-7DFA-43E4-A826-3193179A2CBE}"
EndProject
Project("{FAE04EC0-301F-11D3-BF4B-00C04F79EFBC}") = "PeriodTracker.Core", "PeriodTracker.Core\PeriodTracker.Core.csproj", "{4831FF11-7D82-4331-911B-5549ACEB4BBB}"
EndProject
Project("{FAE04EC0-301F-11D3-BF4B-00C04F79EFBC}") = "PeriodTracker.Infrastructure", "PeriodTracker.Infrastructure\PeriodTracker.Infrastructure.csproj", "{CC668B47-8145-408B-9A55-595137727AFF}"
EndProject
Global
	GlobalSection(SolutionConfigurationPlatforms) = preSolution
		Debug|Any CPU = Debug|Any CPU
		Release|Any CPU = Release|Any CPU
	EndGlobalSection
	GlobalSection(ProjectConfigurationPlatforms) = postSolution
		{48BB6C2B-7DFA-43E4-A826-3193179A2CBE}.Debug|Any CPU.ActiveCfg = Debug|Any CPU
		{48BB6C2B-7DFA-43E4-A826-3193179A2CBE}.Debug|Any CPU.Build.0 = Debug|Any CPU
		{48BB6C2B-7DFA-43E4-A826-3193179A2CBE}.Release|Any CPU.ActiveCfg = Release|Any CPU
		{48BB6C2B-7DFA-43E4-A826-3193179A2CBE}.Release|Any CPU.Build.0 = Release|Any CPU
		{4831FF11-7D82-4331-911B-5549ACEB4BBB}.Debug|Any CPU.ActiveCfg = Debug|Any CPU
		{4831FF11-7D82-4331-911B-5549ACEB4BBB}.Debug|Any CPU.Build.0 = Debug|Any CPU
		{4831FF11-7D82-4331-911B-5549ACEB4BBB}.Release|Any CPU.ActiveCfg = Release|Any CPU
		{4831FF11-7D82-4331-911B-5549ACEB4BBB}.Release|Any CPU.Build.0 = Release|Any CPU
		{CC668B47-8145-408B-9A55-595137727AFF}.Debug|Any CPU.ActiveCfg = Debug|Any CPU
		{CC668B47-8145-408B-9A55-595137727AFF}.Debug|Any CPU.Build.0 = Debug|Any CPU
		{CC668B47-8145-408B-9A55-595137727AFF}.Release|Any CPU.ActiveCfg = Release|Any CPU
		{CC668B47-8145-408B-9A55-595137727AFF}.Release|Any CPU.Build.0 = Release|Any CPU
	EndGlobalSection
	GlobalSection(SolutionProperties) = preSolution
		HideSolutionNode = FALSE
	EndGlobalSection
	GlobalSection(ExtensibilityGlobals) = postSolution
		SolutionGuid = {5A05DFA3-1406-4A26-9EEA-77F2A983F755}
	EndGlobalSection
EndGlobal
